
Microsoft Visual Studio Solution File, Format Version 12.00
# Visual Studio Version 16
VisualStudioVersion = 16.0.32630.194
MinimumVisualStudioVersion = 10.0.40219.1
Project("{FAE04EC0-301F-11D3-BF4B-00C04F79EFBC}") = "Net_Network", "Net_Network\Net_Network.csproj", "{C48FE0B6-8757-4027-ADFA-2B3B8BE6BE7C}"
EndProject
Project("{FAE04EC0-301F-11D3-BF4B-00C04F79EFBC}") = "Network_Data", "Network_Data\Network_Data.csproj", "{306F5826-9E46-4943-90E7-D51DABEDD74C}"
EndProject
Global
	GlobalSection(SolutionConfigurationPlatforms) = preSolution
		Debug|Any CPU = Debug|Any CPU
		Release|Any CPU = Release|Any CPU
	EndGlobalSection
	GlobalSection(ProjectConfigurationPlatforms) = postSolution
		{C48FE0B6-8757-4027-ADFA-2B3B8BE6BE7C}.Debug|Any CPU.ActiveCfg = Debug|Any CPU
		{C48FE0B6-8757-4027-ADFA-2B3B8BE6BE7C}.Debug|Any CPU.Build.0 = Debug|Any CPU
		{C48FE0B6-8757-4027-ADFA-2B3B8BE6BE7C}.Release|Any CPU.ActiveCfg = Release|Any CPU
		{C48FE0B6-8757-4027-ADFA-2B3B8BE6BE7C}.Release|Any CPU.Build.0 = Release|Any CPU
		{306F5826-9E46-4943-90E7-D51DABEDD74C}.Debug|Any CPU.ActiveCfg = Debug|Any CPU
		{306F5826-9E46-4943-90E7-D51DABEDD74C}.Debug|Any CPU.Build.0 = Debug|Any CPU
		{306F5826-9E46-4943-90E7-D51DABEDD74C}.Release|Any CPU.ActiveCfg = Release|Any CPU
		{306F5826-9E46-4943-90E7-D51DABEDD74C}.Release|Any CPU.Build.0 = Release|Any CPU
	EndGlobalSection
	GlobalSection(SolutionProperties) = preSolution
		HideSolutionNode = FALSE
	EndGlobalSection
	GlobalSection(ExtensibilityGlobals) = postSolution
		SolutionGuid = {6A7BBC0D-9F65-45F4-8382-03B8080C99C5}
	EndGlobalSection
EndGlobal
